
Microsoft Visual Studio Solution File, Format Version 12.00
# Visual Studio Version 16
VisualStudioVersion = 16.0.30128.74
MinimumVisualStudioVersion = 10.0.40219.1
Project("{2150E333-8FDC-42A3-9474-1A3956D46DE8}") = "Tom1", "Tom1", "{5707CAB7-8BB6-464D-A336-82B2F2A26B5E}"
EndProject
Project("{2150E333-8FDC-42A3-9474-1A3956D46DE8}") = "Tom2", "Tom2", "{4D36C15E-B078-4A93-BF35-CBBA81458724}"
EndProject
Project("{8BC9CEB8-8B4A-11D0-8D11-00A0C91BC942}") = "C02", "Tom1\C02\C02\C02.vcxproj", "{4B28A501-2192-4E61-8D5D-62F9007581AE}"
EndProject
Project("{8BC9CEB8-8B4A-11D0-8D11-00A0C91BC942}") = "C03", "Tom1\C03\C03\C03.vcxproj", "{B5267ED8-B9A6-4DE3-ACE6-814A756E69F5}"
EndProject
Project("{8BC9CEB8-8B4A-11D0-8D11-00A0C91BC942}") = "C04", "Tom1\C04\C04\C04.vcxproj", "{CBA5B593-8BFF-40D1-A4F4-BA145317A6A2}"
EndProject
Project("{8BC9CEB8-8B4A-11D0-8D11-00A0C91BC942}") = "C05", "Tom1\C05\C05\C05.vcxproj", "{F2C34A41-E823-4641-8DB5-B9B9AD15C1F8}"
EndProject
Project("{8BC9CEB8-8B4A-11D0-8D11-00A0C91BC942}") = "C06", "Tom1\C06\C06\C06.vcxproj", "{72BAB6B0-B739-483D-9182-CDA106BA4833}"
EndProject
Project("{8BC9CEB8-8B4A-11D0-8D11-00A0C91BC942}") = "C07", "Tom1\C07\C07\C07.vcxproj", "{80FE6B7D-DB4D-4604-A615-8D2E33020CDE}"
EndProject
Global
	GlobalSection(SolutionConfigurationPlatforms) = preSolution
		Debug|x64 = Debug|x64
		Debug|x86 = Debug|x86
		Release|x64 = Release|x64
		Release|x86 = Release|x86
	EndGlobalSection
	GlobalSection(ProjectConfigurationPlatforms) = postSolution
		{4B28A501-2192-4E61-8D5D-62F9007581AE}.Debug|x64.ActiveCfg = Debug|x64
		{4B28A501-2192-4E61-8D5D-62F9007581AE}.Debug|x64.Build.0 = Debug|x64
		{4B28A501-2192-4E61-8D5D-62F9007581AE}.Debug|x86.ActiveCfg = Debug|Win32
		{4B28A501-2192-4E61-8D5D-62F9007581AE}.Debug|x86.Build.0 = Debug|Win32
		{4B28A501-2192-4E61-8D5D-62F9007581AE}.Release|x64.ActiveCfg = Release|x64
		{4B28A501-2192-4E61-8D5D-62F9007581AE}.Release|x64.Build.0 = Release|x64
		{4B28A501-2192-4E61-8D5D-62F9007581AE}.Release|x86.ActiveCfg = Release|Win32
		{4B28A501-2192-4E61-8D5D-62F9007581AE}.Release|x86.Build.0 = Release|Win32
		{B5267ED8-B9A6-4DE3-ACE6-814A756E69F5}.Debug|x64.ActiveCfg = Debug|x64
		{B5267ED8-B9A6-4DE3-ACE6-814A756E69F5}.Debug|x64.Build.0 = Debug|x64
		{B5267ED8-B9A6-4DE3-ACE6-814A756E69F5}.Debug|x86.ActiveCfg = Debug|Win32
		{B5267ED8-B9A6-4DE3-ACE6-814A756E69F5}.Debug|x86.Build.0 = Debug|Win32
		{B5267ED8-B9A6-4DE3-ACE6-814A756E69F5}.Release|x64.ActiveCfg = Release|x64
		{B5267ED8-B9A6-4DE3-ACE6-814A756E69F5}.Release|x64.Build.0 = Release|x64
		{B5267ED8-B9A6-4DE3-ACE6-814A756E69F5}.Release|x86.ActiveCfg = Release|Win32
		{B5267ED8-B9A6-4DE3-ACE6-814A756E69F5}.Release|x86.Build.0 = Release|Win32
		{CBA5B593-8BFF-40D1-A4F4-BA145317A6A2}.Debug|x64.ActiveCfg = Debug|x64
		{CBA5B593-8BFF-40D1-A4F4-BA145317A6A2}.Debug|x64.Build.0 = Debug|x64
		{CBA5B593-8BFF-40D1-A4F4-BA145317A6A2}.Debug|x86.ActiveCfg = Debug|Win32
		{CBA5B593-8BFF-40D1-A4F4-BA145317A6A2}.Debug|x86.Build.0 = Debug|Win32
		{CBA5B593-8BFF-40D1-A4F4-BA145317A6A2}.Release|x64.ActiveCfg = Release|x64
		{CBA5B593-8BFF-40D1-A4F4-BA145317A6A2}.Release|x64.Build.0 = Release|x64
		{CBA5B593-8BFF-40D1-A4F4-BA145317A6A2}.Release|x86.ActiveCfg = Release|Win32
		{CBA5B593-8BFF-40D1-A4F4-BA145317A6A2}.Release|x86.Build.0 = Release|Win32
		{F2C34A41-E823-4641-8DB5-B9B9AD15C1F8}.Debug|x64.ActiveCfg = Debug|x64
		{F2C34A41-E823-4641-8DB5-B9B9AD15C1F8}.Debug|x64.Build.0 = Debug|x64
		{F2C34A41-E823-4641-8DB5-B9B9AD15C1F8}.Debug|x86.ActiveCfg = Debug|Win32
		{F2C34A41-E823-4641-8DB5-B9B9AD15C1F8}.Debug|x86.Build.0 = Debug|Win32
		{F2C34A41-E823-4641-8DB5-B9B9AD15C1F8}.Release|x64.ActiveCfg = Release|x64
		{F2C34A41-E823-4641-8DB5-B9B9AD15C1F8}.Release|x64.Build.0 = Release|x64
		{F2C34A41-E823-4641-8DB5-B9B9AD15C1F8}.Release|x86.ActiveCfg = Release|Win32
		{F2C34A41-E823-4641-8DB5-B9B9AD15C1F8}.Release|x86.Build.0 = Release|Win32
		{72BAB6B0-B739-483D-9182-CDA106BA4833}.Debug|x64.ActiveCfg = Debug|x64
		{72BAB6B0-B739-483D-9182-CDA106BA4833}.Debug|x64.Build.0 = Debug|x64
		{72BAB6B0-B739-483D-9182-CDA106BA4833}.Debug|x86.ActiveCfg = Debug|Win32
		{72BAB6B0-B739-483D-9182-CDA106BA4833}.Debug|x86.Build.0 = Debug|Win32
		{72BAB6B0-B739-483D-9182-CDA106BA4833}.Release|x64.ActiveCfg = Release|x64
		{72BAB6B0-B739-483D-9182-CDA106BA4833}.Release|x64.Build.0 = Release|x64
		{72BAB6B0-B739-483D-9182-CDA106BA4833}.Release|x86.ActiveCfg = Release|Win32
		{72BAB6B0-B739-483D-9182-CDA106BA4833}.Release|x86.Build.0 = Release|Win32
		{80FE6B7D-DB4D-4604-A615-8D2E33020CDE}.Debug|x64.ActiveCfg = Debug|x64
		{80FE6B7D-DB4D-4604-A615-8D2E33020CDE}.Debug|x64.Build.0 = Debug|x64
		{80FE6B7D-DB4D-4604-A615-8D2E33020CDE}.Debug|x86.ActiveCfg = Debug|Win32
		{80FE6B7D-DB4D-4604-A615-8D2E33020CDE}.Debug|x86.Build.0 = Debug|Win32
		{80FE6B7D-DB4D-4604-A615-8D2E33020CDE}.Release|x64.ActiveCfg = Release|x64
		{80FE6B7D-DB4D-4604-A615-8D2E33020CDE}.Release|x64.Build.0 = Release|x64
		{80FE6B7D-DB4D-4604-A615-8D2E33020CDE}.Release|x86.ActiveCfg = Release|Win32
		{80FE6B7D-DB4D-4604-A615-8D2E33020CDE}.Release|x86.Build.0 = Release|Win32
	EndGlobalSection
	GlobalSection(SolutionProperties) = preSolution
		HideSolutionNode = FALSE
	EndGlobalSection
	GlobalSection(NestedProjects) = preSolution
		{4B28A501-2192-4E61-8D5D-62F9007581AE} = {5707CAB7-8BB6-464D-A336-82B2F2A26B5E}
		{B5267ED8-B9A6-4DE3-ACE6-814A756E69F5} = {5707CAB7-8BB6-464D-A336-82B2F2A26B5E}
		{CBA5B593-8BFF-40D1-A4F4-BA145317A6A2} = {5707CAB7-8BB6-464D-A336-82B2F2A26B5E}
		{F2C34A41-E823-4641-8DB5-B9B9AD15C1F8} = {5707CAB7-8BB6-464D-A336-82B2F2A26B5E}
		{72BAB6B0-B739-483D-9182-CDA106BA4833} = {5707CAB7-8BB6-464D-A336-82B2F2A26B5E}
		{80FE6B7D-DB4D-4604-A615-8D2E33020CDE} = {5707CAB7-8BB6-464D-A336-82B2F2A26B5E}
	EndGlobalSection
	GlobalSection(ExtensibilityGlobals) = postSolution
		SolutionGuid = {A6ED1B3F-1A40-4647-BBAE-8FB24EF48A03}
	EndGlobalSection
EndGlobal
