<?xml version="1.0" encoding="utf-8"?>
<Project ToolsVersion="4.0" xmlns="http://schemas.microsoft.com/developer/msbuild/2003">
  <ItemGroup>
    <Filter Include="Source Files">
      <UniqueIdentifier>{4FC737F1-C7A5-4376-A066-2A32D752A2FF}</UniqueIdentifier>
      <Extensions>cpp;c;cc;cxx;c++;def;odl;idl;hpj;bat;asm;asmx</Extensions>
    </Filter>
    <Filter Include="Header Files">
      <UniqueIdentifier>{93995380-89BD-4b04-88EB-625FBE52EBFB}</UniqueIdentifier>
      <Extensions>h;hh;hpp;hxx;h++;hm;inl;inc;ipp;xsd</Extensions>
    </Filter>
    <Filter Include="Resource Files">
      <UniqueIdentifier>{67DA6AB6-F800-4c08-8B7A-83BB121AAD01}</UniqueIdentifier>
      <Extensions>rc;ico;cur;bmp;dlg;rc2;rct;bin;rgs;gif;jpg;jpeg;jpe;resx;tiff;tif;png;wav;mfcribbon-ms</Extensions>
    </Filter>
  </ItemGroup>
  <ItemGroup>
    <None Include="..\Microsoft.makefile" />
  </ItemGroup>
  <ItemGroup>
    <ClCompile Include="..\AllDefinitions.cpp">
      <Filter>Source Files</Filter>
    </ClCompile>
    <ClCompile Include="..\ArgsToInts.cpp">
      <Filter>Source Files</Filter>
    </ClCompile>
    <ClCompile Include="..\ArrayAddresses.cpp">
      <Filter>Source Files</Filter>
    </ClCompile>
    <ClCompile Include="..\ArrayArguments.cpp">
      <Filter>Source Files</Filter>
    </ClCompile>
    <ClCompile Include="..\ArrayIdentifier.cpp">
      <Filter>Source Files</Filter>
    </ClCompile>
    <ClCompile Include="..\Arrays.cpp">
      <Filter>Source Files</Filter>
    </ClCompile>
    <ClCompile Include="..\Assert.cpp">
      <Filter>Source Files</Filter>
    </ClCompile>
    <ClCompile Include="..\AutoIncrement.cpp">
      <Filter>Source Files</Filter>
    </ClCompile>
    <ClCompile Include="..\Basic.cpp">
      <Filter>Source Files</Filter>
    </ClCompile>
    <ClCompile Include="..\Bitwise.cpp">
      <Filter>Source Files</Filter>
    </ClCompile>
    <ClCompile Include="..\Boolean.cpp">
      <Filter>Source Files</Filter>
    </ClCompile>
    <ClCompile Include="..\CastFromVoidPointer.cpp">
      <Filter>Source Files</Filter>
    </ClCompile>
    <ClCompile Include="..\CatsInHats.cpp">
      <Filter>Source Files</Filter>
    </ClCompile>
    <ClCompile Include="..\Charlist.cpp">
      <Filter>Source Files</Filter>
    </ClCompile>
    <ClCompile Include="..\CommandLineArgs.cpp">
      <Filter>Source Files</Filter>
    </ClCompile>
    <ClCompile Include="..\CommaOperator.cpp">
      <Filter>Source Files</Filter>
    </ClCompile>
    <ClCompile Include="..\ComplicatedDefinitions.cpp">
      <Filter>Source Files</Filter>
    </ClCompile>
    <ClCompile Include="..\const_cast.cpp">
      <Filter>Source Files</Filter>
    </ClCompile>
    <ClCompile Include="..\DynamicDebugFlags.cpp">
      <Filter>Source Files</Filter>
    </ClCompile>
    <ClCompile Include="..\Enum.cpp">
      <Filter>Source Files</Filter>
    </ClCompile>
    <ClCompile Include="..\FileStatic.cpp">
      <Filter>Source Files</Filter>
    </ClCompile>
    <ClCompile Include="..\FileStatic2.cpp">
      <Filter>Source Files</Filter>
    </ClCompile>
    <ClCompile Include="..\FloatingAsBinary.cpp">
      <Filter>Source Files</Filter>
    </ClCompile>
    <ClCompile Include="..\Forward.cpp">
      <Filter>Source Files</Filter>
    </ClCompile>
    <ClCompile Include="..\FunctionCallCast.cpp">
      <Filter>Source Files</Filter>
    </ClCompile>
    <ClCompile Include="..\FunctionTable.cpp">
      <Filter>Source Files</Filter>
    </ClCompile>
    <ClCompile Include="..\Global.cpp">
      <Filter>Source Files</Filter>
    </ClCompile>
    <ClCompile Include="..\Global2.cpp">
      <Filter>Source Files</Filter>
    </ClCompile>
    <ClCompile Include="..\gotoKeyword.cpp">
      <Filter>Source Files</Filter>
    </ClCompile>
    <ClCompile Include="..\Guess.cpp">
      <Filter>Source Files</Filter>
    </ClCompile>
    <ClCompile Include="..\Guess2.cpp">
      <Filter>Source Files</Filter>
    </ClCompile>
    <ClCompile Include="..\Ifthen.cpp">
      <Filter>Source Files</Filter>
    </ClCompile>
    <ClCompile Include="..\Mathops.cpp">
      <Filter>Source Files</Filter>
    </ClCompile>
    <ClCompile Include="..\Menu.cpp">
      <Filter>Source Files</Filter>
    </ClCompile>
    <ClCompile Include="..\Menu2.cpp">
      <Filter>Source Files</Filter>
    </ClCompile>
    <ClCompile Include="..\OnTheFly.cpp">
      <Filter>Source Files</Filter>
    </ClCompile>
    <ClCompile Include="..\PassAddress.cpp">
      <Filter>Source Files</Filter>
    </ClCompile>
    <ClCompile Include="..\PassByValue.cpp">
      <Filter>Source Files</Filter>
    </ClCompile>
    <ClCompile Include="..\PassReference.cpp">
      <Filter>Source Files</Filter>
    </ClCompile>
    <ClCompile Include="..\Pitfall.cpp">
      <Filter>Source Files</Filter>
    </ClCompile>
    <ClCompile Include="..\PointerArithmetic.cpp">
      <Filter>Source Files</Filter>
    </ClCompile>
    <ClCompile Include="..\PointerIncrement.cpp">
      <Filter>Source Files</Filter>
    </ClCompile>
    <ClCompile Include="..\PointerIncrement2.cpp">
      <Filter>Source Files</Filter>
    </ClCompile>
    <ClCompile Include="..\PointersAndBrackets.cpp">
      <Filter>Source Files</Filter>
    </ClCompile>
    <ClCompile Include="..\PointerToFunction.cpp">
      <Filter>Source Files</Filter>
    </ClCompile>
    <ClCompile Include="..\printBinary.cpp">
      <Filter>Source Files</Filter>
    </ClCompile>
    <ClCompile Include="..\reinterpret_cast.cpp">
      <Filter>Source Files</Filter>
    </ClCompile>
    <ClCompile Include="..\Return.cpp">
      <Filter>Source Files</Filter>
    </ClCompile>
    <ClCompile Include="..\Rotation.cpp">
      <Filter>Source Files</Filter>
    </ClCompile>
    <ClCompile Include="..\Scope.cpp">
      <Filter>Source Files</Filter>
    </ClCompile>
    <ClCompile Include="..\SelfReferential.cpp">
      <Filter>Source Files</Filter>
    </ClCompile>
    <ClCompile Include="..\SimpleCast.cpp">
      <Filter>Source Files</Filter>
    </ClCompile>
    <ClCompile Include="..\SimpleStruct.cpp">
      <Filter>Source Files</Filter>
    </ClCompile>
    <ClCompile Include="..\SimpleStruct2.cpp">
      <Filter>Source Files</Filter>
    </ClCompile>
    <ClCompile Include="..\SimpleStruct3.cpp">
      <Filter>Source Files</Filter>
    </ClCompile>
    <ClCompile Include="..\sizeof.cpp">
      <Filter>Source Files</Filter>
    </ClCompile>
    <ClCompile Include="..\sizeofOperator.cpp">
      <Filter>Source Files</Filter>
    </ClCompile>
    <ClCompile Include="..\Specify.cpp">
      <Filter>Source Files</Filter>
    </ClCompile>
    <ClCompile Include="..\Static.cpp">
      <Filter>Source Files</Filter>
    </ClCompile>
    <ClCompile Include="..\static_cast.cpp">
      <Filter>Source Files</Filter>
    </ClCompile>
    <ClCompile Include="..\StringizingExpressions.cpp">
      <Filter>Source Files</Filter>
    </ClCompile>
    <ClCompile Include="..\StructArray.cpp">
      <Filter>Source Files</Filter>
    </ClCompile>
    <ClCompile Include="..\Union.cpp">
      <Filter>Source Files</Filter>
    </ClCompile>
    <ClCompile Include="..\VoidPointer.cpp">
      <Filter>Source Files</Filter>
    </ClCompile>
    <ClCompile Include="..\YourPets1.cpp">
      <Filter>Source Files</Filter>
    </ClCompile>
    <ClCompile Include="..\YourPets2.cpp">
      <Filter>Source Files</Filter>
    </ClCompile>
  </ItemGroup>
  <ItemGroup>
    <ClInclude Include="..\printBinary.h">
      <Filter>Header Files</Filter>
    </ClInclude>
  </ItemGroup>
</Project>