<?xml version="1.0" encoding="utf-8"?>
<Project ToolsVersion="4.0" xmlns="http://schemas.microsoft.com/developer/msbuild/2003">
  <ItemGroup>
    <Filter Include="Source Files">
      <UniqueIdentifier>{4FC737F1-C7A5-4376-A066-2A32D752A2FF}</UniqueIdentifier>
      <Extensions>cpp;c;cc;cxx;c++;def;odl;idl;hpj;bat;asm;asmx</Extensions>
    </Filter>
    <Filter Include="Header Files">
      <UniqueIdentifier>{93995380-89BD-4b04-88EB-625FBE52EBFB}</UniqueIdentifier>
      <Extensions>h;hh;hpp;hxx;h++;hm;inl;inc;ipp;xsd</Extensions>
    </Filter>
    <Filter Include="Resource Files">
      <UniqueIdentifier>{67DA6AB6-F800-4c08-8B7A-83BB121AAD01}</UniqueIdentifier>
      <Extensions>rc;ico;cur;bmp;dlg;rc2;rct;bin;rgs;gif;jpg;jpeg;jpe;resx;tiff;tif;png;wav;mfcribbon-ms</Extensions>
    </Filter>
  </ItemGroup>
  <ItemGroup>
    <None Include="..\Microsoft.makefile" />
  </ItemGroup>
  <ItemGroup>
    <ClCompile Include="..\Arithmetic.cpp">
      <Filter>Source Files</Filter>
    </ClCompile>
    <ClCompile Include="..\BobsSuperDuperLibrary.cpp">
      <Filter>Source Files</Filter>
    </ClCompile>
    <ClCompile Include="..\Continuation.cpp">
      <Filter>Source Files</Filter>
    </ClCompile>
    <ClCompile Include="..\Dependency1StatFun.cpp">
      <Filter>Source Files</Filter>
    </ClCompile>
    <ClCompile Include="..\Dependency2StatFun.cpp">
      <Filter>Source Files</Filter>
    </ClCompile>
    <ClCompile Include="..\FriendInjection.cpp">
      <Filter>Source Files</Filter>
    </ClCompile>
    <ClCompile Include="..\Initializer.cpp">
      <Filter>Source Files</Filter>
    </ClCompile>
    <ClCompile Include="..\Initializer2.cpp">
      <Filter>Source Files</Filter>
    </ClCompile>
    <ClCompile Include="..\InitializerDefs.cpp">
      <Filter>Source Files</Filter>
    </ClCompile>
    <ClCompile Include="..\Local.cpp">
      <Filter>Source Files</Filter>
    </ClCompile>
    <ClCompile Include="..\LocalExtern.cpp">
      <Filter>Source Files</Filter>
    </ClCompile>
    <ClCompile Include="..\LocalExtern2.cpp">
      <Filter>Source Files</Filter>
    </ClCompile>
    <ClCompile Include="..\MyLib.cpp">
      <Filter>Source Files</Filter>
    </ClCompile>
    <ClCompile Include="..\NamespaceOverriding1.cpp">
      <Filter>Source Files</Filter>
    </ClCompile>
    <ClCompile Include="..\Oof.cpp">
      <Filter>Source Files</Filter>
    </ClCompile>
    <ClCompile Include="..\Out.cpp">
      <Filter>Source Files</Filter>
    </ClCompile>
    <ClCompile Include="..\OverridingAmbiguity.cpp">
      <Filter>Source Files</Filter>
    </ClCompile>
    <ClCompile Include="..\ScopeResolution.cpp">
      <Filter>Source Files</Filter>
    </ClCompile>
    <ClCompile Include="..\SimpleStaticMemberFunction.cpp">
      <Filter>Source Files</Filter>
    </ClCompile>
    <ClCompile Include="..\Singleton.cpp">
      <Filter>Source Files</Filter>
    </ClCompile>
    <ClCompile Include="..\StaticArray.cpp">
      <Filter>Source Files</Filter>
    </ClCompile>
    <ClCompile Include="..\StaticDestructors.cpp">
      <Filter>Source Files</Filter>
    </ClCompile>
    <ClCompile Include="..\StaticMemberFunctions.cpp">
      <Filter>Source Files</Filter>
    </ClCompile>
    <ClCompile Include="..\StaticObjectArrays.cpp">
      <Filter>Source Files</Filter>
    </ClCompile>
    <ClCompile Include="..\StaticObjectsInFunctions.cpp">
      <Filter>Source Files</Filter>
    </ClCompile>
    <ClCompile Include="..\StaticVariablesInfunctions.cpp">
      <Filter>Source Files</Filter>
    </ClCompile>
    <ClCompile Include="..\Statinit.cpp">
      <Filter>Source Files</Filter>
    </ClCompile>
    <ClCompile Include="..\Technique2.cpp">
      <Filter>Source Files</Filter>
    </ClCompile>
    <ClCompile Include="..\Technique2b.cpp">
      <Filter>Source Files</Filter>
    </ClCompile>
    <ClCompile Include="..\UnnamedNamespaces.cpp">
      <Filter>Source Files</Filter>
    </ClCompile>
    <ClCompile Include="..\UsingDeclaration1.cpp">
      <Filter>Source Files</Filter>
    </ClCompile>
    <ClCompile Include="..\UsingDeclaration2.cpp">
      <Filter>Source Files</Filter>
    </ClCompile>
  </ItemGroup>
  <ItemGroup>
    <ClInclude Include="..\Dependency1.h">
      <Filter>Header Files</Filter>
    </ClInclude>
    <ClInclude Include="..\Dependency1StatFun.h">
      <Filter>Header Files</Filter>
    </ClInclude>
    <ClInclude Include="..\Dependency2.h">
      <Filter>Header Files</Filter>
    </ClInclude>
    <ClInclude Include="..\Dependency2StatFun.h">
      <Filter>Header Files</Filter>
    </ClInclude>
    <ClInclude Include="..\Header1.h">
      <Filter>Header Files</Filter>
    </ClInclude>
    <ClInclude Include="..\Header2.h">
      <Filter>Header Files</Filter>
    </ClInclude>
    <ClInclude Include="..\Initializer.h">
      <Filter>Header Files</Filter>
    </ClInclude>
    <ClInclude Include="..\NamespaceInt.h">
      <Filter>Header Files</Filter>
    </ClInclude>
    <ClInclude Include="..\NamespaceMath.h">
      <Filter>Header Files</Filter>
    </ClInclude>
    <ClInclude Include="..\NamespaceOverriding2.h">
      <Filter>Header Files</Filter>
    </ClInclude>
    <ClInclude Include="..\UsingDeclaration.h">
      <Filter>Header Files</Filter>
    </ClInclude>
  </ItemGroup>
</Project>